
Microsoft Visual Studio Solution File, Format Version 12.00
# Visual Studio 15
VisualStudioVersion = 15.0.27428.2043
MinimumVisualStudioVersion = 10.0.40219.1
Project("{FAE04EC0-301F-11D3-BF4B-00C04F79EFBC}") = "SeagullWeb", "SeagullWeb\SeagullWeb.csproj", "{9CED0E64-25CB-4650-AD86-DAADCFBB7752}"
EndProject
Global
	GlobalSection(SolutionConfigurationPlatforms) = preSolution
		Debug|Any CPU = Debug|Any CPU
		Release|Any CPU = Release|Any CPU
	EndGlobalSection
	GlobalSection(ProjectConfigurationPlatforms) = postSolution
		{9CED0E64-25CB-4650-AD86-DAADCFBB7752}.Debug|Any CPU.ActiveCfg = Debug|Any CPU
		{9CED0E64-25CB-4650-AD86-DAADCFBB7752}.Debug|Any CPU.Build.0 = Debug|Any CPU
		{9CED0E64-25CB-4650-AD86-DAADCFBB7752}.Release|Any CPU.ActiveCfg = Release|Any CPU
		{9CED0E64-25CB-4650-AD86-DAADCFBB7752}.Release|Any CPU.Build.0 = Release|Any CPU
	EndGlobalSection
	GlobalSection(SolutionProperties) = preSolution
		HideSolutionNode = FALSE
	EndGlobalSection
	GlobalSection(ExtensibilityGlobals) = postSolution
		SolutionGuid = {EAF0ED10-B852-411B-AE50-D153A5FE81BC}
	EndGlobalSection
EndGlobal
